<?xml version="1.0" encoding="utf-8"?>
<Project ToolsVersion="4.0" xmlns="http://schemas.microsoft.com/developer/msbuild/2003">
  <ItemGroup>
    <Filter Include="UnitTest">
      <UniqueIdentifier>{4FC737F1-C7A5-4376-A066-2A32D752A2FF}</UniqueIdentifier>
      <Extensions>cpp;c;cc;cxx;def;odl;idl;hpj;bat;asm;asmx</Extensions>
    </Filter>
    <Filter Include="Code">
      <UniqueIdentifier>{93995380-89BD-4b04-88EB-625FBE52EBFB}</UniqueIdentifier>
      <Extensions>h;hh;hpp;hxx;hm;inl;inc;ipp;xsd</Extensions>
    </Filter>
    <Filter Include="Mock">
      <UniqueIdentifier>{094f7c5e-a382-47e4-8a55-18feff0a8c01}</UniqueIdentifier>
    </Filter>
  </ItemGroup>
  <ItemGroup>
    <ClCompile Include="main.cpp" />
    <ClCompile Include="ExtendedKalmanFilter_Mock.cpp">
      <Filter>Mock</Filter>
    </ClCompile>
    <ClCompile Include="ExtendedKalmanFilter_Test.cpp">
      <Filter>UnitTest</Filter>
    </ClCompile>
    <ClCompile Include="..\..\..\ThirdParty\googletest\include\gtest\stub_shadow.cpp">
      <Filter>UnitTest</Filter>
    </ClCompile>
  </ItemGroup>
  <ItemGroup>
    <ClInclude Include="ExtendedKalmanFilter.h">
      <Filter>Code</Filter>
    </ClInclude>
    <ClInclude Include="ExtendedKalmanFilter_Test.h">
      <Filter>UnitTest</Filter>
    </ClInclude>
    <ClInclude Include="ExtendedKalmanFilter_Mock.h">
      <Filter>Mock</Filter>
    </ClInclude>
    <ClInclude Include="Stub_Test.h">
      <Filter>Code</Filter>
    </ClInclude>
  </ItemGroup>
</Project>