<?xml version="1.0" encoding="utf-8"?>
<Project ToolsVersion="4.0" xmlns="http://schemas.microsoft.com/developer/msbuild/2003">
  <ItemGroup>
    <Filter Include="TSingleton">
      <UniqueIdentifier>{c3257842-a47f-4c12-aafa-94a05d0ad9b6}</UniqueIdentifier>
    </Filter>
    <Filter Include="CommonTool">
      <UniqueIdentifier>{9421576b-8106-47a0-a712-c974d6a61089}</UniqueIdentifier>
    </Filter>
    <Filter Include="Base64">
      <UniqueIdentifier>{44efb787-92cf-44a1-a4a1-1c6c1b3a5374}</UniqueIdentifier>
    </Filter>
    <Filter Include="MathTool">
      <UniqueIdentifier>{80e11133-7836-438f-a6f0-cb06983cc7e8}</UniqueIdentifier>
    </Filter>
    <Filter Include="DebugTool">
      <UniqueIdentifier>{631df775-444f-4c78-bf1a-4d3c8dca7004}</UniqueIdentifier>
    </Filter>
  </ItemGroup>
  <ItemGroup>
    <ClInclude Include="Base64.h">
      <Filter>Base64</Filter>
    </ClInclude>
    <ClInclude Include="MathTool.h">
      <Filter>MathTool</Filter>
    </ClInclude>
    <ClInclude Include="TSingleton.hpp">
      <Filter>TSingleton</Filter>
    </ClInclude>
    <ClInclude Include="TestTSingleton.h">
      <Filter>TSingleton</Filter>
    </ClInclude>
    <ClInclude Include="StringTool.h">
      <Filter>CommonTool</Filter>
    </ClInclude>
    <ClInclude Include="FileTool.h">
      <Filter>CommonTool</Filter>
    </ClInclude>
    <ClInclude Include="SystemDetection.hpp">
      <Filter>CommonTool</Filter>
    </ClInclude>
    <ClInclude Include="singletonBase.hpp">
      <Filter>TSingleton</Filter>
    </ClInclude>
    <ClInclude Include="LogTool.h">
      <Filter>DebugTool</Filter>
    </ClInclude>
    <ClInclude Include="Random.hpp">
      <Filter>MathTool</Filter>
    </ClInclude>
    <ClInclude Include="Timer.hpp">
      <Filter>DebugTool</Filter>
    </ClInclude>
    <ClInclude Include="TimeTool.hpp">
      <Filter>DebugTool</Filter>
    </ClInclude>
  </ItemGroup>
  <ItemGroup>
    <ClCompile Include="main.cpp" />
    <ClCompile Include="Base64.cpp">
      <Filter>Base64</Filter>
    </ClCompile>
    <ClCompile Include="3DMath.cpp">
      <Filter>MathTool</Filter>
    </ClCompile>
    <ClCompile Include="MathTool.cpp">
      <Filter>MathTool</Filter>
    </ClCompile>
    <ClCompile Include="StringTool.cpp">
      <Filter>CommonTool</Filter>
    </ClCompile>
    <ClCompile Include="FileTool.cpp">
      <Filter>CommonTool</Filter>
    </ClCompile>
  </ItemGroup>
</Project>