<?xml version="1.0" encoding="utf-8"?>
<Project ToolsVersion="4.0" xmlns="http://schemas.microsoft.com/developer/msbuild/2003">
  <ItemGroup>
    <Filter Include="Create">
      <UniqueIdentifier>{12028138-d093-4aa8-bd3b-950c3b334f14}</UniqueIdentifier>
    </Filter>
    <Filter Include="Structure">
      <UniqueIdentifier>{5439ca6a-6e80-40d3-a972-59b95d80e51f}</UniqueIdentifier>
    </Filter>
    <Filter Include="Behavior">
      <UniqueIdentifier>{bc9b94f0-158f-40e2-a58a-5f258cc4923e}</UniqueIdentifier>
    </Filter>
    <Filter Include="Create\Factory">
      <UniqueIdentifier>{4d4bee96-19a1-4713-9ef6-cf5407db1a95}</UniqueIdentifier>
    </Filter>
    <Filter Include="Structure\Adaptor">
      <UniqueIdentifier>{4FC737F1-C7A5-4376-A066-2A32D752A2FF}</UniqueIdentifier>
      <Extensions>cpp;c;cc;cxx;def;odl;idl;hpj;bat;asm;asmx</Extensions>
    </Filter>
    <Filter Include="Behavior\Observer">
      <UniqueIdentifier>{29f1f5e0-76f4-426f-bebd-160c69bdf160}</UniqueIdentifier>
    </Filter>
    <Filter Include="Create\Singleton">
      <UniqueIdentifier>{93995380-89BD-4b04-88EB-625FBE52EBFB}</UniqueIdentifier>
      <Extensions>h;hh;hpp;hxx;hm;inl;inc;ipp;xsd</Extensions>
    </Filter>
    <Filter Include="Behavior\Strategy">
      <UniqueIdentifier>{467314ad-738c-474d-89bf-7702e3f4dbd4}</UniqueIdentifier>
    </Filter>
    <Filter Include="Behavior\Template">
      <UniqueIdentifier>{5b5bbd64-31bd-4fe4-a0ae-6df0e8fcded1}</UniqueIdentifier>
    </Filter>
    <Filter Include="BlockingQueue">
      <UniqueIdentifier>{97061818-1894-4939-b9d6-9428070c4e5d}</UniqueIdentifier>
    </Filter>
  </ItemGroup>
  <ItemGroup>
    <ClInclude Include="Singleton.h">
      <Filter>Create\Singleton</Filter>
    </ClInclude>
    <ClInclude Include="AdaptorInherit .h">
      <Filter>Structure\Adaptor</Filter>
    </ClInclude>
    <ClInclude Include="Template.h">
      <Filter>Behavior\Template</Filter>
    </ClInclude>
    <ClInclude Include="Observer.h">
      <Filter>Behavior\Observer</Filter>
    </ClInclude>
    <ClInclude Include="Strategy.h">
      <Filter>Behavior\Strategy</Filter>
    </ClInclude>
    <ClInclude Include="StrategyAnother.hpp">
      <Filter>Behavior\Strategy</Filter>
    </ClInclude>
    <ClInclude Include="SimpleFactory.h">
      <Filter>Create\Factory</Filter>
    </ClInclude>
    <ClInclude Include="FactoryMethod.h">
      <Filter>Create\Factory</Filter>
    </ClInclude>
    <ClInclude Include="Tank.h">
      <Filter>Create\Factory</Filter>
    </ClInclude>
    <ClInclude Include="AbstractFactory.hpp">
      <Filter>Create\Factory</Filter>
    </ClInclude>
    <ClInclude Include="TemplateEKF.hpp">
      <Filter>Behavior\Template</Filter>
    </ClInclude>
    <ClInclude Include="BlockingQueue.h">
      <Filter>BlockingQueue</Filter>
    </ClInclude>
  </ItemGroup>
  <ItemGroup>
    <ClCompile Include="main.cpp" />
    <ClCompile Include="Singleton.cpp">
      <Filter>Create\Singleton</Filter>
    </ClCompile>
    <ClCompile Include="AdaptorComb.h">
      <Filter>Structure\Adaptor</Filter>
    </ClCompile>
    <ClCompile Include="Observer.cpp">
      <Filter>Behavior\Observer</Filter>
    </ClCompile>
    <ClCompile Include="Template.cpp">
      <Filter>Behavior\Template</Filter>
    </ClCompile>
    <ClCompile Include="Strategy.cpp">
      <Filter>Behavior\Strategy</Filter>
    </ClCompile>
    <ClCompile Include="SimpleFactory.cpp">
      <Filter>Create\Factory</Filter>
    </ClCompile>
    <ClCompile Include="FactoryMethod.cpp">
      <Filter>Create\Factory</Filter>
    </ClCompile>
    <ClCompile Include="ProduceConsume.cpp">
      <Filter>BlockingQueue</Filter>
    </ClCompile>
    <ClCompile Include="Builder.cpp">
      <Filter>Create</Filter>
    </ClCompile>
    <ClCompile Include="Prototype.cpp">
      <Filter>Create</Filter>
    </ClCompile>
    <ClCompile Include="Bridge.cpp">
      <Filter>Structure</Filter>
    </ClCompile>
    <ClCompile Include="Composite.cpp">
      <Filter>Structure</Filter>
    </ClCompile>
    <ClCompile Include="Decorator.cpp">
      <Filter>Structure</Filter>
    </ClCompile>
    <ClCompile Include="Facade.cpp">
      <Filter>Structure</Filter>
    </ClCompile>
    <ClCompile Include="Flyweight.cpp">
      <Filter>Structure</Filter>
    </ClCompile>
    <ClCompile Include="Proxy.cpp">
      <Filter>Structure</Filter>
    </ClCompile>
    <ClCompile Include="ChainOfResponsibility.cpp">
      <Filter>Behavior</Filter>
    </ClCompile>
    <ClCompile Include="Command.cpp">
      <Filter>Behavior</Filter>
    </ClCompile>
    <ClCompile Include="Interpreter.cpp">
      <Filter>Behavior</Filter>
    </ClCompile>
    <ClCompile Include="Mediator.cpp">
      <Filter>Behavior</Filter>
    </ClCompile>
    <ClCompile Include="Memento.cpp">
      <Filter>Behavior</Filter>
    </ClCompile>
    <ClCompile Include="State.cpp">
      <Filter>Behavior</Filter>
    </ClCompile>
    <ClCompile Include="Visitor.cpp">
      <Filter>Behavior</Filter>
    </ClCompile>
  </ItemGroup>
</Project>